// !$*UTF8*$!
{
	archiveVersion = 1;
	classes = {
	};
	objectVersion = 60;
	objects = {

/* Begin PBXBuildFile section */
		74DFB38D2ED0F11B004CFB78 /* AppModels.swift in Sources */ = {isa = PBXBuildFile; fileRef = 74DFB3682ED0F11B004CFB78 /* AppModels.swift */; };
		74DFB38E2ED0F11B004CFB78 /* DataManager.swift in Sources */ = {isa = PBXBuildFile; fileRef = 74DFB3692ED0F11B004CFB78 /* DataManager.swift */; };
		74DFB38F2ED0F11B004CFB78 /* CommonComponents.swift in Sources */ = {isa = PBXBuildFile; fileRef = 74DFB36D2ED0F11B004CFB78 /* CommonComponents.swift */; };
		74DFB3902ED0F11B004CFB78 /* CustomButton.swift in Sources */ = {isa = PBXBuildFile; fileRef = 74DFB36E2ED0F11B004CFB78 /* CustomButton.swift */; };
		74DFB3912ED0F11B004CFB78 /* CustomCard.swift in Sources */ = {isa = PBXBuildFile; fileRef = 74DFB36F2ED0F11B004CFB78 /* CustomCard.swift */; };
		74DFB3922ED0F11B004CFB78 /* CustomSwitch.swift in Sources */ = {isa = PBXBuildFile; fileRef = 74DFB3702ED0F11B004CFB78 /* CustomSwitch.swift */; };
		74DFB3932ED0F11B004CFB78 /* CustomTabBar.swift in Sources */ = {isa = PBXBuildFile; fileRef = 74DFB3712ED0F11B004CFB78 /* CustomTabBar.swift */; };
		74DFB3942ED0F11B004CFB78 /* CustomTextEditor.swift in Sources */ = {isa = PBXBuildFile; fileRef = 74DFB3722ED0F11B004CFB78 /* CustomTextEditor.swift */; };
		74DFB3952ED0F11B004CFB78 /* CheckLink.swift in Sources */ = {isa = PBXBuildFile; fileRef = 74DFB3742ED0F11B004CFB78 /* CheckLink.swift */; };
		74DFB3962ED0F11B004CFB78 /* InternetViewController.swift in Sources */ = {isa = PBXBuildFile; fileRef = 74DFB3752ED0F11B004CFB78 /* InternetViewController.swift */; };
		74DFB3972ED0F11B004CFB78 /* LoaderViewController.swift in Sources */ = {isa = PBXBuildFile; fileRef = 74DFB3762ED0F11B004CFB78 /* LoaderViewController.swift */; };
		74DFB3982ED0F11B004CFB78 /* HomeView.swift in Sources */ = {isa = PBXBuildFile; fileRef = 74DFB3782ED0F11B004CFB78 /* HomeView.swift */; };
		74DFB3992ED0F11B004CFB78 /* JournalView.swift in Sources */ = {isa = PBXBuildFile; fileRef = 74DFB3792ED0F11B004CFB78 /* JournalView.swift */; };
		74DFB39A2ED0F11B004CFB78 /* MeditationTimerView.swift in Sources */ = {isa = PBXBuildFile; fileRef = 74DFB37A2ED0F11B004CFB78 /* MeditationTimerView.swift */; };
		74DFB39B2ED0F11B004CFB78 /* MotivationView.swift in Sources */ = {isa = PBXBuildFile; fileRef = 74DFB37B2ED0F11B004CFB78 /* MotivationView.swift */; };
		74DFB39C2ED0F11B004CFB78 /* NotesView.swift in Sources */ = {isa = PBXBuildFile; fileRef = 74DFB37C2ED0F11B004CFB78 /* NotesView.swift */; };
		74DFB39D2ED0F11B004CFB78 /* OnboardingView.swift in Sources */ = {isa = PBXBuildFile; fileRef = 74DFB37D2ED0F11B004CFB78 /* OnboardingView.swift */; };
		74DFB39E2ED0F11B004CFB78 /* SettingsView.swift in Sources */ = {isa = PBXBuildFile; fileRef = 74DFB37E2ED0F11B004CFB78 /* SettingsView.swift */; };
		74DFB39F2ED0F11B004CFB78 /* MainTabView.swift in Sources */ = {isa = PBXBuildFile; fileRef = 74DFB3802ED0F11B004CFB78 /* MainTabView.swift */; };
		74DFB3A02ED0F11B004CFB78 /* AppDelegate.swift in Sources */ = {isa = PBXBuildFile; fileRef = 74DFB3822ED0F11B004CFB78 /* AppDelegate.swift */; };
		74DFB3A12ED0F11B004CFB78 /* ContentView.swift in Sources */ = {isa = PBXBuildFile; fileRef = 74DFB3842ED0F11B004CFB78 /* ContentView.swift */; };
		74DFB3A22ED0F11B004CFB78 /* SceneDelegate.swift in Sources */ = {isa = PBXBuildFile; fileRef = 74DFB38A2ED0F11B004CFB78 /* SceneDelegate.swift */; };
		74DFB3A32ED0F11B004CFB78 /* ViewController.swift in Sources */ = {isa = PBXBuildFile; fileRef = 74DFB38B2ED0F11B004CFB78 /* ViewController.swift */; };
		74DFB3A42ED0F11B004CFB78 /* Preview Assets.xcassets in Resources */ = {isa = PBXBuildFile; fileRef = 74DFB36B2ED0F11B004CFB78 /* Preview Assets.xcassets */; };
		74DFB3A52ED0F11B004CFB78 /* Assets.xcassets in Resources */ = {isa = PBXBuildFile; fileRef = 74DFB3832ED0F11B004CFB78 /* Assets.xcassets */; };
		74DFB3A72ED0F11B004CFB78 /* LaunchScreen.storyboard in Resources */ = {isa = PBXBuildFile; fileRef = 74DFB3872ED0F11B004CFB78 /* LaunchScreen.storyboard */; };
		74DFB3A82ED0F11B004CFB78 /* Main.storyboard in Resources */ = {isa = PBXBuildFile; fileRef = 74DFB3892ED0F11B004CFB78 /* Main.storyboard */; };
/* End PBXBuildFile section */

/* Begin PBXFileReference section */
		49B1D698FFA7405C1E221A5D /* Pods_StillMind.framework */ = {isa = PBXFileReference; explicitFileType = wrapper.framework; includeInIndex = 0; path = Pods_StillMind.framework; sourceTree = BUILT_PRODUCTS_DIR; };
		64F1DB3DB4F96C599BBBAA49 /* Pods-StillMind.release.xcconfig */ = {isa = PBXFileReference; includeInIndex = 1; lastKnownFileType = text.xcconfig; name = "Pods-StillMind.release.xcconfig"; path = "Target Support Files/Pods-StillMind/Pods-StillMind.release.xcconfig"; sourceTree = "<group>"; };
		6755255C4D2868F2EF89160C /* Pods-StillMind.debug.xcconfig */ = {isa = PBXFileReference; includeInIndex = 1; lastKnownFileType = text.xcconfig; name = "Pods-StillMind.debug.xcconfig"; path = "Target Support Files/Pods-StillMind/Pods-StillMind.debug.xcconfig"; sourceTree = "<group>"; };
		74DFB2892ED0E5CE004CFB78 /* StillMind.app */ = {isa = PBXFileReference; explicitFileType = wrapper.application; includeInIndex = 0; path = StillMind.app; sourceTree = BUILT_PRODUCTS_DIR; };
		74DFB3682ED0F11B004CFB78 /* AppModels.swift */ = {isa = PBXFileReference; lastKnownFileType = sourcecode.swift; path = AppModels.swift; sourceTree = "<group>"; };
		74DFB3692ED0F11B004CFB78 /* DataManager.swift */ = {isa = PBXFileReference; lastKnownFileType = sourcecode.swift; path = DataManager.swift; sourceTree = "<group>"; };
		74DFB36B2ED0F11B004CFB78 /* Preview Assets.xcassets */ = {isa = PBXFileReference; lastKnownFileType = folder.assetcatalog; path = "Preview Assets.xcassets"; sourceTree = "<group>"; };
		74DFB36D2ED0F11B004CFB78 /* CommonComponents.swift */ = {isa = PBXFileReference; lastKnownFileType = sourcecode.swift; path = CommonComponents.swift; sourceTree = "<group>"; };
		74DFB36E2ED0F11B004CFB78 /* CustomButton.swift */ = {isa = PBXFileReference; lastKnownFileType = sourcecode.swift; path = CustomButton.swift; sourceTree = "<group>"; };
		74DFB36F2ED0F11B004CFB78 /* CustomCard.swift */ = {isa = PBXFileReference; lastKnownFileType = sourcecode.swift; path = CustomCard.swift; sourceTree = "<group>"; };
		74DFB3702ED0F11B004CFB78 /* CustomSwitch.swift */ = {isa = PBXFileReference; lastKnownFileType = sourcecode.swift; path = CustomSwitch.swift; sourceTree = "<group>"; };
		74DFB3712ED0F11B004CFB78 /* CustomTabBar.swift */ = {isa = PBXFileReference; lastKnownFileType = sourcecode.swift; path = CustomTabBar.swift; sourceTree = "<group>"; };
		74DFB3722ED0F11B004CFB78 /* CustomTextEditor.swift */ = {isa = PBXFileReference; lastKnownFileType = sourcecode.swift; path = CustomTextEditor.swift; sourceTree = "<group>"; };
		74DFB3742ED0F11B004CFB78 /* CheckLink.swift */ = {isa = PBXFileReference; lastKnownFileType = sourcecode.swift; path = CheckLink.swift; sourceTree = "<group>"; };
		74DFB3752ED0F11B004CFB78 /* InternetViewController.swift */ = {isa = PBXFileReference; lastKnownFileType = sourcecode.swift; path = InternetViewController.swift; sourceTree = "<group>"; };
		74DFB3762ED0F11B004CFB78 /* LoaderViewController.swift */ = {isa = PBXFileReference; lastKnownFileType = sourcecode.swift; path = LoaderViewController.swift; sourceTree = "<group>"; };
		74DFB3782ED0F11B004CFB78 /* HomeView.swift */ = {isa = PBXFileReference; lastKnownFileType = sourcecode.swift; path = HomeView.swift; sourceTree = "<group>"; };
		74DFB3792ED0F11B004CFB78 /* JournalView.swift */ = {isa = PBXFileReference; lastKnownFileType = sourcecode.swift; path = JournalView.swift; sourceTree = "<group>"; };
		74DFB37A2ED0F11B004CFB78 /* MeditationTimerView.swift */ = {isa = PBXFileReference; lastKnownFileType = sourcecode.swift; path = MeditationTimerView.swift; sourceTree = "<group>"; };
		74DFB37B2ED0F11B004CFB78 /* MotivationView.swift */ = {isa = PBXFileReference; lastKnownFileType = sourcecode.swift; path = MotivationView.swift; sourceTree = "<group>"; };
		74DFB37C2ED0F11B004CFB78 /* NotesView.swift */ = {isa = PBXFileReference; lastKnownFileType = sourcecode.swift; path = NotesView.swift; sourceTree = "<group>"; };
		74DFB37D2ED0F11B004CFB78 /* OnboardingView.swift */ = {isa = PBXFileReference; lastKnownFileType = sourcecode.swift; path = OnboardingView.swift; sourceTree = "<group>"; };
		74DFB37E2ED0F11B004CFB78 /* SettingsView.swift */ = {isa = PBXFileReference; lastKnownFileType = sourcecode.swift; path = SettingsView.swift; sourceTree = "<group>"; };
		74DFB3802ED0F11B004CFB78 /* MainTabView.swift */ = {isa = PBXFileReference; lastKnownFileType = sourcecode.swift; path = MainTabView.swift; sourceTree = "<group>"; };
		74DFB3822ED0F11B004CFB78 /* AppDelegate.swift */ = {isa = PBXFileReference; lastKnownFileType = sourcecode.swift; path = AppDelegate.swift; sourceTree = "<group>"; };
		74DFB3832ED0F11B004CFB78 /* Assets.xcassets */ = {isa = PBXFileReference; lastKnownFileType = folder.assetcatalog; path = Assets.xcassets; sourceTree = "<group>"; };
		74DFB3842ED0F11B004CFB78 /* ContentView.swift */ = {isa = PBXFileReference; lastKnownFileType = sourcecode.swift; path = ContentView.swift; sourceTree = "<group>"; };
		74DFB3852ED0F11B004CFB78 /* Info.plist */ = {isa = PBXFileReference; lastKnownFileType = text.plist.xml; path = Info.plist; sourceTree = "<group>"; };
		74DFB3862ED0F11B004CFB78 /* Base */ = {isa = PBXFileReference; lastKnownFileType = file.storyboard; name = Base; path = Base.lproj/LaunchScreen.storyboard; sourceTree = "<group>"; };
		74DFB3882ED0F11B004CFB78 /* Base */ = {isa = PBXFileReference; lastKnownFileType = file.storyboard; name = Base; path = Base.lproj/Main.storyboard; sourceTree = "<group>"; };
		74DFB38A2ED0F11B004CFB78 /* SceneDelegate.swift */ = {isa = PBXFileReference; lastKnownFileType = sourcecode.swift; path = SceneDelegate.swift; sourceTree = "<group>"; };
		74DFB38B2ED0F11B004CFB78 /* ViewController.swift */ = {isa = PBXFileReference; lastKnownFileType = sourcecode.swift; path = ViewController.swift; sourceTree = "<group>"; };
/* End PBXFileReference section */

/* Begin PBXFrameworksBuildPhase section */
		74DFB2862ED0E5CE004CFB78 /* Frameworks */ = {
			isa = PBXFrameworksBuildPhase;
			buildActionMask = 2147483647;
			files = (
			);
			runOnlyForDeploymentPostprocessing = 0;
		};
/* End PBXFrameworksBuildPhase section */

/* Begin PBXGroup section */
		4C768A771394C1844D11C829 /* Pods */ = {
			isa = PBXGroup;
			children = (
				6755255C4D2868F2EF89160C /* Pods-StillMind.debug.xcconfig */,
				64F1DB3DB4F96C599BBBAA49 /* Pods-StillMind.release.xcconfig */,
			);
			path = Pods;
			sourceTree = "<group>";
		};
		5E48A0BC98CA7C39B8C45DA5 /* Frameworks */ = {
			isa = PBXGroup;
			children = (
				49B1D698FFA7405C1E221A5D /* Pods_StillMind.framework */,
			);
			name = Frameworks;
			sourceTree = "<group>";
		};
		74DFB2802ED0E5CE004CFB78 = {
			isa = PBXGroup;
			children = (
				74DFB38C2ED0F11B004CFB78 /* StillMind */,
				74DFB28A2ED0E5CE004CFB78 /* Products */,
				4C768A771394C1844D11C829 /* Pods */,
				5E48A0BC98CA7C39B8C45DA5 /* Frameworks */,
			);
			sourceTree = "<group>";
		};
		74DFB28A2ED0E5CE004CFB78 /* Products */ = {
			isa = PBXGroup;
			children = (
				74DFB2892ED0E5CE004CFB78 /* StillMind.app */,
			);
			name = Products;
			sourceTree = "<group>";
		};
		74DFB36A2ED0F11B004CFB78 /* Models */ = {
			isa = PBXGroup;
			children = (
				74DFB3682ED0F11B004CFB78 /* AppModels.swift */,
				74DFB3692ED0F11B004CFB78 /* DataManager.swift */,
			);
			path = Models;
			sourceTree = "<group>";
		};
		74DFB36C2ED0F11B004CFB78 /* Preview Content */ = {
			isa = PBXGroup;
			children = (
				74DFB36B2ED0F11B004CFB78 /* Preview Assets.xcassets */,
			);
			path = "Preview Content";
			sourceTree = "<group>";
		};
		74DFB3732ED0F11B004CFB78 /* Components */ = {
			isa = PBXGroup;
			children = (
				74DFB36D2ED0F11B004CFB78 /* CommonComponents.swift */,
				74DFB36E2ED0F11B004CFB78 /* CustomButton.swift */,
				74DFB36F2ED0F11B004CFB78 /* CustomCard.swift */,
				74DFB3702ED0F11B004CFB78 /* CustomSwitch.swift */,
				74DFB3712ED0F11B004CFB78 /* CustomTabBar.swift */,
				74DFB3722ED0F11B004CFB78 /* CustomTextEditor.swift */,
			);
			path = Components;
			sourceTree = "<group>";
		};
		74DFB3772ED0F11B004CFB78 /* LoadingView */ = {
			isa = PBXGroup;
			children = (
				74DFB3742ED0F11B004CFB78 /* CheckLink.swift */,
				74DFB3752ED0F11B004CFB78 /* InternetViewController.swift */,
				74DFB3762ED0F11B004CFB78 /* LoaderViewController.swift */,
			);
			path = LoadingView;
			sourceTree = "<group>";
		};
		74DFB37F2ED0F11B004CFB78 /* Screens */ = {
			isa = PBXGroup;
			children = (
				74DFB3782ED0F11B004CFB78 /* HomeView.swift */,
				74DFB3792ED0F11B004CFB78 /* JournalView.swift */,
				74DFB37A2ED0F11B004CFB78 /* MeditationTimerView.swift */,
				74DFB37B2ED0F11B004CFB78 /* MotivationView.swift */,
				74DFB37C2ED0F11B004CFB78 /* NotesView.swift */,
				74DFB37D2ED0F11B004CFB78 /* OnboardingView.swift */,
				74DFB37E2ED0F11B004CFB78 /* SettingsView.swift */,
			);
			path = Screens;
			sourceTree = "<group>";
		};
		74DFB3812ED0F11B004CFB78 /* Views */ = {
			isa = PBXGroup;
			children = (
				74DFB3732ED0F11B004CFB78 /* Components */,
				74DFB3772ED0F11B004CFB78 /* LoadingView */,
				74DFB37F2ED0F11B004CFB78 /* Screens */,
				74DFB3802ED0F11B004CFB78 /* MainTabView.swift */,
			);
			path = Views;
			sourceTree = "<group>";
		};
		74DFB38C2ED0F11B004CFB78 /* StillMind */ = {
			isa = PBXGroup;
			children = (
				74DFB36A2ED0F11B004CFB78 /* Models */,
				74DFB36C2ED0F11B004CFB78 /* Preview Content */,
				74DFB3812ED0F11B004CFB78 /* Views */,
				74DFB3822ED0F11B004CFB78 /* AppDelegate.swift */,
				74DFB3832ED0F11B004CFB78 /* Assets.xcassets */,
				74DFB3842ED0F11B004CFB78 /* ContentView.swift */,
				74DFB3852ED0F11B004CFB78 /* Info.plist */,
				74DFB3872ED0F11B004CFB78 /* LaunchScreen.storyboard */,
				74DFB3892ED0F11B004CFB78 /* Main.storyboard */,
				74DFB38A2ED0F11B004CFB78 /* SceneDelegate.swift */,
				74DFB38B2ED0F11B004CFB78 /* ViewController.swift */,
			);
			path = StillMind;
			sourceTree = "<group>";
		};
/* End PBXGroup section */

/* Begin PBXNativeTarget section */
		74DFB2882ED0E5CE004CFB78 /* StillMind */ = {
			isa = PBXNativeTarget;
			buildConfigurationList = 74DFB29C2ED0E5D0004CFB78 /* Build configuration list for PBXNativeTarget "StillMind" */;
			buildPhases = (
				194884AEBB9CCFAE67D1015E /* [CP] Check Pods Manifest.lock */,
				74DFB2852ED0E5CE004CFB78 /* Sources */,
				74DFB2862ED0E5CE004CFB78 /* Frameworks */,
				74DFB2872ED0E5CE004CFB78 /* Resources */,
			);
			buildRules = (
			);
			dependencies = (
			);
			name = StillMind;
			productName = StillMind;
			productReference = 74DFB2892ED0E5CE004CFB78 /* StillMind.app */;
			productType = "com.apple.product-type.application";
		};
/* End PBXNativeTarget section */

/* Begin PBXProject section */
		74DFB2812ED0E5CE004CFB78 /* Project object */ = {
			isa = PBXProject;
			attributes = {
				BuildIndependentTargetsInParallel = 1;
				LastSwiftUpdateCheck = 2600;
				LastUpgradeCheck = 2600;
				TargetAttributes = {
					74DFB2882ED0E5CE004CFB78 = {
						CreatedOnToolsVersion = 26.0;
					};
				};
			};
			buildConfigurationList = 74DFB2842ED0E5CE004CFB78 /* Build configuration list for PBXProject "StillMind" */;
			compatibilityVersion = "Xcode 15.0";
			developmentRegion = en;
			hasScannedForEncodings = 0;
			knownRegions = (
				en,
				Base,
			);
			mainGroup = 74DFB2802ED0E5CE004CFB78;
			productRefGroup = 74DFB28A2ED0E5CE004CFB78 /* Products */;
			projectDirPath = "";
			projectRoot = "";
			targets = (
				74DFB2882ED0E5CE004CFB78 /* StillMind */,
			);
		};
/* End PBXProject section */

/* Begin PBXResourcesBuildPhase section */
		74DFB2872ED0E5CE004CFB78 /* Resources */ = {
			isa = PBXResourcesBuildPhase;
			buildActionMask = 2147483647;
			files = (
				74DFB3A42ED0F11B004CFB78 /* Preview Assets.xcassets in Resources */,
				74DFB3A52ED0F11B004CFB78 /* Assets.xcassets in Resources */,
				74DFB3A72ED0F11B004CFB78 /* LaunchScreen.storyboard in Resources */,
				74DFB3A82ED0F11B004CFB78 /* Main.storyboard in Resources */,
			);
			runOnlyForDeploymentPostprocessing = 0;
		};
/* End PBXResourcesBuildPhase section */

/* Begin PBXShellScriptBuildPhase section */
		194884AEBB9CCFAE67D1015E /* [CP] Check Pods Manifest.lock */ = {
			isa = PBXShellScriptBuildPhase;
			buildActionMask = 2147483647;
			files = (
			);
			inputFileListPaths = (
			);
			inputPaths = (
				"${PODS_PODFILE_DIR_PATH}/Podfile.lock",
				"${PODS_ROOT}/Manifest.lock",
			);
			name = "[CP] Check Pods Manifest.lock";
			outputFileListPaths = (
			);
			outputPaths = (
				"$(DERIVED_FILE_DIR)/Pods-StillMind-checkManifestLockResult.txt",
			);
			runOnlyForDeploymentPostprocessing = 0;
			shellPath = /bin/sh;
			shellScript = "diff \"${PODS_PODFILE_DIR_PATH}/Podfile.lock\" \"${PODS_ROOT}/Manifest.lock\" > /dev/null\nif [ $? != 0 ] ; then\n    # print error to STDERR\n    echo \"error: The sandbox is not in sync with the Podfile.lock. Run 'pod install' or update your CocoaPods installation.\" >&2\n    exit 1\nfi\n# This output is used by Xcode 'outputs' to avoid re-running this script phase.\necho \"SUCCESS\" > \"${SCRIPT_OUTPUT_FILE_0}\"\n";
			showEnvVarsInLog = 0;
		};
/* End PBXShellScriptBuildPhase section */

/* Begin PBXSourcesBuildPhase section */
		74DFB2852ED0E5CE004CFB78 /* Sources */ = {
			isa = PBXSourcesBuildPhase;
			buildActionMask = 2147483647;
			files = (
				74DFB38D2ED0F11B004CFB78 /* AppModels.swift in Sources */,
				74DFB38E2ED0F11B004CFB78 /* DataManager.swift in Sources */,
				74DFB38F2ED0F11B004CFB78 /* CommonComponents.swift in Sources */,
				74DFB3902ED0F11B004CFB78 /* CustomButton.swift in Sources */,
				74DFB3912ED0F11B004CFB78 /* CustomCard.swift in Sources */,
				74DFB3922ED0F11B004CFB78 /* CustomSwitch.swift in Sources */,
				74DFB3932ED0F11B004CFB78 /* CustomTabBar.swift in Sources */,
				74DFB3942ED0F11B004CFB78 /* CustomTextEditor.swift in Sources */,
				74DFB3952ED0F11B004CFB78 /* CheckLink.swift in Sources */,
				74DFB3962ED0F11B004CFB78 /* InternetViewController.swift in Sources */,
				74DFB3972ED0F11B004CFB78 /* LoaderViewController.swift in Sources */,
				74DFB3982ED0F11B004CFB78 /* HomeView.swift in Sources */,
				74DFB3992ED0F11B004CFB78 /* JournalView.swift in Sources */,
				74DFB39A2ED0F11B004CFB78 /* MeditationTimerView.swift in Sources */,
				74DFB39B2ED0F11B004CFB78 /* MotivationView.swift in Sources */,
				74DFB39C2ED0F11B004CFB78 /* NotesView.swift in Sources */,
				74DFB39D2ED0F11B004CFB78 /* OnboardingView.swift in Sources */,
				74DFB39E2ED0F11B004CFB78 /* SettingsView.swift in Sources */,
				74DFB39F2ED0F11B004CFB78 /* MainTabView.swift in Sources */,
				74DFB3A02ED0F11B004CFB78 /* AppDelegate.swift in Sources */,
				74DFB3A12ED0F11B004CFB78 /* ContentView.swift in Sources */,
				74DFB3A22ED0F11B004CFB78 /* SceneDelegate.swift in Sources */,
				74DFB3A32ED0F11B004CFB78 /* ViewController.swift in Sources */,
			);
			runOnlyForDeploymentPostprocessing = 0;
		};
/* End PBXSourcesBuildPhase section */

/* Begin PBXVariantGroup section */
		74DFB3872ED0F11B004CFB78 /* LaunchScreen.storyboard */ = {
			isa = PBXVariantGroup;
			children = (
				74DFB3862ED0F11B004CFB78 /* Base */,
			);
			name = LaunchScreen.storyboard;
			sourceTree = "<group>";
		};
		74DFB3892ED0F11B004CFB78 /* Main.storyboard */ = {
			isa = PBXVariantGroup;
			children = (
				74DFB3882ED0F11B004CFB78 /* Base */,
			);
			name = Main.storyboard;
			sourceTree = "<group>";
		};
/* End PBXVariantGroup section */

/* Begin XCBuildConfiguration section */
		74DFB29D2ED0E5D0004CFB78 /* Debug */ = {
			isa = XCBuildConfiguration;
			baseConfigurationReference = 6755255C4D2868F2EF89160C /* Pods-StillMind.debug.xcconfig */;
			buildSettings = {
				ASSETCATALOG_COMPILER_APPICON_NAME = AppIcon;
				ASSETCATALOG_COMPILER_GLOBAL_ACCENT_COLOR_NAME = AccentColor;
				CODE_SIGN_STYLE = Automatic;
				CURRENT_PROJECT_VERSION = 1;
				GENERATE_INFOPLIST_FILE = YES;
				INFOPLIST_FILE = StillMind/Info.plist;
				INFOPLIST_KEY_CFBundleDisplayName = "Winor Quiet Mind";
				INFOPLIST_KEY_UIApplicationSupportsIndirectInputEvents = YES;
				INFOPLIST_KEY_UILaunchStoryboardName = LaunchScreen;
				INFOPLIST_KEY_UIMainStoryboardFile = Main;
				INFOPLIST_KEY_UISupportedInterfaceOrientations = UIInterfaceOrientationPortrait;
				INFOPLIST_KEY_UISupportedInterfaceOrientations_iPad = "UIInterfaceOrientationLandscapeLeft UIInterfaceOrientationLandscapeRight UIInterfaceOrientationPortrait UIInterfaceOrientationPortraitUpsideDown";
				IPHONEOS_DEPLOYMENT_TARGET = 16.6;
				LD_RUNPATH_SEARCH_PATHS = (
					"$(inherited)",
					"@executable_path/Frameworks",
				);
				MARKETING_VERSION = 1.1.1;
				PRODUCT_BUNDLE_IDENTIFIER = com.rkm.w1q73tm1n;
				PRODUCT_NAME = "$(TARGET_NAME)";
				STRING_CATALOG_GENERATE_SYMBOLS = YES;
				SUPPORTED_PLATFORMS = "iphoneos iphonesimulator";
				SUPPORTS_MACCATALYST = NO;
				SUPPORTS_MAC_DESIGNED_FOR_IPHONE_IPAD = NO;
				SUPPORTS_XR_DESIGNED_FOR_IPHONE_IPAD = NO;
				SWIFT_APPROACHABLE_CONCURRENCY = YES;
				SWIFT_DEFAULT_ACTOR_ISOLATION = MainActor;
				SWIFT_EMIT_LOC_STRINGS = YES;
				SWIFT_UPCOMING_FEATURE_MEMBER_IMPORT_VISIBILITY = YES;
				SWIFT_VERSION = 5.0;
				TARGETED_DEVICE_FAMILY = 1;
			};
			name = Debug;
		};
		74DFB29E2ED0E5D0004CFB78 /* Release */ = {
			isa = XCBuildConfiguration;
			baseConfigurationReference = 64F1DB3DB4F96C599BBBAA49 /* Pods-StillMind.release.xcconfig */;
			buildSettings = {
				ASSETCATALOG_COMPILER_APPICON_NAME = AppIcon;
				ASSETCATALOG_COMPILER_GLOBAL_ACCENT_COLOR_NAME = AccentColor;
				CODE_SIGN_STYLE = Automatic;
				CURRENT_PROJECT_VERSION = 1;
				GENERATE_INFOPLIST_FILE = YES;
				INFOPLIST_FILE = StillMind/Info.plist;
				INFOPLIST_KEY_CFBundleDisplayName = "Winor Quiet Mind";
				INFOPLIST_KEY_UIApplicationSupportsIndirectInputEvents = YES;
				INFOPLIST_KEY_UILaunchStoryboardName = LaunchScreen;
				INFOPLIST_KEY_UIMainStoryboardFile = Main;
				INFOPLIST_KEY_UISupportedInterfaceOrientations = UIInterfaceOrientationPortrait;
				INFOPLIST_KEY_UISupportedInterfaceOrientations_iPad = "UIInterfaceOrientationLandscapeLeft UIInterfaceOrientationLandscapeRight UIInterfaceOrientationPortrait UIInterfaceOrientationPortraitUpsideDown";
				IPHONEOS_DEPLOYMENT_TARGET = 16.6;
				LD_RUNPATH_SEARCH_PATHS = (
					"$(inherited)",
					"@executable_path/Frameworks",
				);
				MARKETING_VERSION = 1.1.1;
				PRODUCT_BUNDLE_IDENTIFIER = com.rkm.w1q73tm1n;
				PRODUCT_NAME = "$(TARGET_NAME)";
				STRING_CATALOG_GENERATE_SYMBOLS = YES;
				SUPPORTED_PLATFORMS = "iphoneos iphonesimulator";
				SUPPORTS_MACCATALYST = NO;
				SUPPORTS_MAC_DESIGNED_FOR_IPHONE_IPAD = NO;
				SUPPORTS_XR_DESIGNED_FOR_IPHONE_IPAD = NO;
				SWIFT_APPROACHABLE_CONCURRENCY = YES;
				SWIFT_DEFAULT_ACTOR_ISOLATION = MainActor;
				SWIFT_EMIT_LOC_STRINGS = YES;
				SWIFT_UPCOMING_FEATURE_MEMBER_IMPORT_VISIBILITY = YES;
				SWIFT_VERSION = 5.0;
				TARGETED_DEVICE_FAMILY = 1;
			};
			name = Release;
		};
		74DFB29F2ED0E5D0004CFB78 /* Debug */ = {
			isa = XCBuildConfiguration;
			buildSettings = {
				ALWAYS_SEARCH_USER_PATHS = NO;
				ASSETCATALOG_COMPILER_GENERATE_SWIFT_ASSET_SYMBOL_EXTENSIONS = YES;
				CLANG_ANALYZER_NONNULL = YES;
				CLANG_ANALYZER_NUMBER_OBJECT_CONVERSION = YES_AGGRESSIVE;
				CLANG_CXX_LANGUAGE_STANDARD = "gnu++20";
				CLANG_ENABLE_MODULES = YES;
				CLANG_ENABLE_OBJC_ARC = YES;
				CLANG_ENABLE_OBJC_WEAK = YES;
				CLANG_WARN_BLOCK_CAPTURE_AUTORELEASING = YES;
				CLANG_WARN_BOOL_CONVERSION = YES;
				CLANG_WARN_COMMA = YES;
				CLANG_WARN_CONSTANT_CONVERSION = YES;
				CLANG_WARN_DEPRECATED_OBJC_IMPLEMENTATIONS = YES;
				CLANG_WARN_DIRECT_OBJC_ISA_USAGE = YES_ERROR;
				CLANG_WARN_DOCUMENTATION_COMMENTS = YES;
				CLANG_WARN_EMPTY_BODY = YES;
				CLANG_WARN_ENUM_CONVERSION = YES;
				CLANG_WARN_INFINITE_RECURSION = YES;
				CLANG_WARN_INT_CONVERSION = YES;
				CLANG_WARN_NON_LITERAL_NULL_CONVERSION = YES;
				CLANG_WARN_OBJC_IMPLICIT_RETAIN_SELF = YES;
				CLANG_WARN_OBJC_LITERAL_CONVERSION = YES;
				CLANG_WARN_OBJC_ROOT_CLASS = YES_ERROR;
				CLANG_WARN_QUOTED_INCLUDE_IN_FRAMEWORK_HEADER = YES;
				CLANG_WARN_RANGE_LOOP_ANALYSIS = YES;
				CLANG_WARN_STRICT_PROTOTYPES = YES;
				CLANG_WARN_SUSPICIOUS_MOVE = YES;
				CLANG_WARN_UNGUARDED_AVAILABILITY = YES_AGGRESSIVE;
				CLANG_WARN_UNREACHABLE_CODE = YES;
				CLANG_WARN__DUPLICATE_METHOD_MATCH = YES;
				COPY_PHASE_STRIP = NO;
				DEBUG_INFORMATION_FORMAT = dwarf;
				ENABLE_STRICT_OBJC_MSGSEND = YES;
				ENABLE_TESTABILITY = YES;
				ENABLE_USER_SCRIPT_SANDBOXING = YES;
				GCC_C_LANGUAGE_STANDARD = gnu17;
				GCC_DYNAMIC_NO_PIC = NO;
				GCC_NO_COMMON_BLOCKS = YES;
				GCC_OPTIMIZATION_LEVEL = 0;
				GCC_PREPROCESSOR_DEFINITIONS = (
					"DEBUG=1",
					"$(inherited)",
				);
				GCC_WARN_64_TO_32_BIT_CONVERSION = YES;
				GCC_WARN_ABOUT_RETURN_TYPE = YES_ERROR;
				GCC_WARN_UNDECLARED_SELECTOR = YES;
				GCC_WARN_UNINITIALIZED_AUTOS = YES_AGGRESSIVE;
				GCC_WARN_UNUSED_FUNCTION = YES;
				GCC_WARN_UNUSED_VARIABLE = YES;
				IPHONEOS_DEPLOYMENT_TARGET = 26.0;
				LOCALIZATION_PREFERS_STRING_CATALOGS = YES;
				MTL_ENABLE_DEBUG_INFO = INCLUDE_SOURCE;
				MTL_FAST_MATH = YES;
				ONLY_ACTIVE_ARCH = YES;
				SDKROOT = iphoneos;
				SWIFT_ACTIVE_COMPILATION_CONDITIONS = "DEBUG $(inherited)";
				SWIFT_OPTIMIZATION_LEVEL = "-Onone";
			};
			name = Debug;
		};
		74DFB2A02ED0E5D0004CFB78 /* Release */ = {
			isa = XCBuildConfiguration;
			buildSettings = {
				ALWAYS_SEARCH_USER_PATHS = NO;
				ASSETCATALOG_COMPILER_GENERATE_SWIFT_ASSET_SYMBOL_EXTENSIONS = YES;
				CLANG_ANALYZER_NONNULL = YES;
				CLANG_ANALYZER_NUMBER_OBJECT_CONVERSION = YES_AGGRESSIVE;
				CLANG_CXX_LANGUAGE_STANDARD = "gnu++20";
				CLANG_ENABLE_MODULES = YES;
				CLANG_ENABLE_OBJC_ARC = YES;
				CLANG_ENABLE_OBJC_WEAK = YES;
				CLANG_WARN_BLOCK_CAPTURE_AUTORELEASING = YES;
				CLANG_WARN_BOOL_CONVERSION = YES;
				CLANG_WARN_COMMA = YES;
				CLANG_WARN_CONSTANT_CONVERSION = YES;
				CLANG_WARN_DEPRECATED_OBJC_IMPLEMENTATIONS = YES;
				CLANG_WARN_DIRECT_OBJC_ISA_USAGE = YES_ERROR;
				CLANG_WARN_DOCUMENTATION_COMMENTS = YES;
				CLANG_WARN_EMPTY_BODY = YES;
				CLANG_WARN_ENUM_CONVERSION = YES;
				CLANG_WARN_INFINITE_RECURSION = YES;
				CLANG_WARN_INT_CONVERSION = YES;
				CLANG_WARN_NON_LITERAL_NULL_CONVERSION = YES;
				CLANG_WARN_OBJC_IMPLICIT_RETAIN_SELF = YES;
				CLANG_WARN_OBJC_LITERAL_CONVERSION = YES;
				CLANG_WARN_OBJC_ROOT_CLASS = YES_ERROR;
				CLANG_WARN_QUOTED_INCLUDE_IN_FRAMEWORK_HEADER = YES;
				CLANG_WARN_RANGE_LOOP_ANALYSIS = YES;
				CLANG_WARN_STRICT_PROTOTYPES = YES;
				CLANG_WARN_SUSPICIOUS_MOVE = YES;
				CLANG_WARN_UNGUARDED_AVAILABILITY = YES_AGGRESSIVE;
				CLANG_WARN_UNREACHABLE_CODE = YES;
				CLANG_WARN__DUPLICATE_METHOD_MATCH = YES;
				COPY_PHASE_STRIP = NO;
				DEBUG_INFORMATION_FORMAT = "dwarf-with-dsym";
				ENABLE_NS_ASSERTIONS = NO;
				ENABLE_STRICT_OBJC_MSGSEND = YES;
				ENABLE_USER_SCRIPT_SANDBOXING = YES;
				GCC_C_LANGUAGE_STANDARD = gnu17;
				GCC_NO_COMMON_BLOCKS = YES;
				GCC_WARN_64_TO_32_BIT_CONVERSION = YES;
				GCC_WARN_ABOUT_RETURN_TYPE = YES_ERROR;
				GCC_WARN_UNDECLARED_SELECTOR = YES;
				GCC_WARN_UNINITIALIZED_AUTOS = YES_AGGRESSIVE;
				GCC_WARN_UNUSED_FUNCTION = YES;
				GCC_WARN_UNUSED_VARIABLE = YES;
				IPHONEOS_DEPLOYMENT_TARGET = 26.0;
				LOCALIZATION_PREFERS_STRING_CATALOGS = YES;
				MTL_ENABLE_DEBUG_INFO = NO;
				MTL_FAST_MATH = YES;
				SDKROOT = iphoneos;
				SWIFT_COMPILATION_MODE = wholemodule;
				VALIDATE_PRODUCT = YES;
			};
			name = Release;
		};
/* End XCBuildConfiguration section */

/* Begin XCConfigurationList section */
		74DFB2842ED0E5CE004CFB78 /* Build configuration list for PBXProject "StillMind" */ = {
			isa = XCConfigurationList;
			buildConfigurations = (
				74DFB29F2ED0E5D0004CFB78 /* Debug */,
				74DFB2A02ED0E5D0004CFB78 /* Release */,
			);
			defaultConfigurationIsVisible = 0;
			defaultConfigurationName = Release;
		};
		74DFB29C2ED0E5D0004CFB78 /* Build configuration list for PBXNativeTarget "StillMind" */ = {
			isa = XCConfigurationList;
			buildConfigurations = (
				74DFB29D2ED0E5D0004CFB78 /* Debug */,
				74DFB29E2ED0E5D0004CFB78 /* Release */,
			);
			defaultConfigurationIsVisible = 0;
			defaultConfigurationName = Release;
		};
/* End XCConfigurationList section */
	};
	rootObject = 74DFB2812ED0E5CE004CFB78 /* Project object */;
}
